
Microsoft Visual Studio Solution File, Format Version 12.00
# Visual Studio 15
VisualStudioVersion = 15.0.27703.2042
MinimumVisualStudioVersion = 10.0.40219.1
Project("{FAE04EC0-301F-11D3-BF4B-00C04F79EFBC}") = "ImageSliderApp.Android", "ImageSliderApp\ImageSliderApp.Android\ImageSliderApp.Android.csproj", "{B6587738-BA78-4A8F-A11F-6D001E470B59}"
EndProject
Project("{FAE04EC0-301F-11D3-BF4B-00C04F79EFBC}") = "ImageSliderApp.iOS", "ImageSliderApp\ImageSliderApp.iOS\ImageSliderApp.iOS.csproj", "{A43D4DA2-4451-49FF-B222-537B22A35FA4}"
EndProject
Project("{FAE04EC0-301F-11D3-BF4B-00C04F79EFBC}") = "ImageSliderApp", "ImageSliderApp\ImageSliderApp\ImageSliderApp.csproj", "{F5A298F1-BCF4-4D86-B2BE-4A5C65CBA22B}"
EndProject
Global
	GlobalSection(SolutionConfigurationPlatforms) = preSolution
		Ad-Hoc|Any CPU = Ad-Hoc|Any CPU
		Ad-Hoc|iPhone = Ad-Hoc|iPhone
		Ad-Hoc|iPhoneSimulator = Ad-Hoc|iPhoneSimulator
		AppStore|Any CPU = AppStore|Any CPU
		AppStore|iPhone = AppStore|iPhone
		AppStore|iPhoneSimulator = AppStore|iPhoneSimulator
		Debug|Any CPU = Debug|Any CPU
		Debug|iPhone = Debug|iPhone
		Debug|iPhoneSimulator = Debug|iPhoneSimulator
		Release|Any CPU = Release|Any CPU
		Release|iPhone = Release|iPhone
		Release|iPhoneSimulator = Release|iPhoneSimulator
	EndGlobalSection
	GlobalSection(ProjectConfigurationPlatforms) = postSolution
		{B6587738-BA78-4A8F-A11F-6D001E470B59}.Ad-Hoc|Any CPU.ActiveCfg = Release|Any CPU
		{B6587738-BA78-4A8F-A11F-6D001E470B59}.Ad-Hoc|Any CPU.Build.0 = Release|Any CPU
		{B6587738-BA78-4A8F-A11F-6D001E470B59}.Ad-Hoc|Any CPU.Deploy.0 = Release|Any CPU
		{B6587738-BA78-4A8F-A11F-6D001E470B59}.Ad-Hoc|iPhone.ActiveCfg = Release|Any CPU
		{B6587738-BA78-4A8F-A11F-6D001E470B59}.Ad-Hoc|iPhone.Build.0 = Release|Any CPU
		{B6587738-BA78-4A8F-A11F-6D001E470B59}.Ad-Hoc|iPhone.Deploy.0 = Release|Any CPU
		{B6587738-BA78-4A8F-A11F-6D001E470B59}.Ad-Hoc|iPhoneSimulator.ActiveCfg = Release|Any CPU
		{B6587738-BA78-4A8F-A11F-6D001E470B59}.Ad-Hoc|iPhoneSimulator.Build.0 = Release|Any CPU
		{B6587738-BA78-4A8F-A11F-6D001E470B59}.Ad-Hoc|iPhoneSimulator.Deploy.0 = Release|Any CPU
		{B6587738-BA78-4A8F-A11F-6D001E470B59}.AppStore|Any CPU.ActiveCfg = Release|Any CPU
		{B6587738-BA78-4A8F-A11F-6D001E470B59}.AppStore|Any CPU.Build.0 = Release|Any CPU
		{B6587738-BA78-4A8F-A11F-6D001E470B59}.AppStore|Any CPU.Deploy.0 = Release|Any CPU
		{B6587738-BA78-4A8F-A11F-6D001E470B59}.AppStore|iPhone.ActiveCfg = Release|Any CPU
		{B6587738-BA78-4A8F-A11F-6D001E470B59}.AppStore|iPhone.Build.0 = Release|Any CPU
		{B6587738-BA78-4A8F-A11F-6D001E470B59}.AppStore|iPhone.Deploy.0 = Release|Any CPU
		{B6587738-BA78-4A8F-A11F-6D001E470B59}.AppStore|iPhoneSimulator.ActiveCfg = Release|Any CPU
		{B6587738-BA78-4A8F-A11F-6D001E470B59}.AppStore|iPhoneSimulator.Build.0 = Release|Any CPU
		{B6587738-BA78-4A8F-A11F-6D001E470B59}.AppStore|iPhoneSimulator.Deploy.0 = Release|Any CPU
		{B6587738-BA78-4A8F-A11F-6D001E470B59}.Debug|Any CPU.ActiveCfg = Debug|Any CPU
		{B6587738-BA78-4A8F-A11F-6D001E470B59}.Debug|Any CPU.Build.0 = Debug|Any CPU
		{B6587738-BA78-4A8F-A11F-6D001E470B59}.Debug|Any CPU.Deploy.0 = Debug|Any CPU
		{B6587738-BA78-4A8F-A11F-6D001E470B59}.Debug|iPhone.ActiveCfg = Debug|Any CPU
		{B6587738-BA78-4A8F-A11F-6D001E470B59}.Debug|iPhone.Build.0 = Debug|Any CPU
		{B6587738-BA78-4A8F-A11F-6D001E470B59}.Debug|iPhone.Deploy.0 = Debug|Any CPU
		{B6587738-BA78-4A8F-A11F-6D001E470B59}.Debug|iPhoneSimulator.ActiveCfg = Debug|Any CPU
		{B6587738-BA78-4A8F-A11F-6D001E470B59}.Debug|iPhoneSimulator.Build.0 = Debug|Any CPU
		{B6587738-BA78-4A8F-A11F-6D001E470B59}.Debug|iPhoneSimulator.Deploy.0 = Debug|Any CPU
		{B6587738-BA78-4A8F-A11F-6D001E470B59}.Release|Any CPU.ActiveCfg = Release|Any CPU
		{B6587738-BA78-4A8F-A11F-6D001E470B59}.Release|Any CPU.Build.0 = Release|Any CPU
		{B6587738-BA78-4A8F-A11F-6D001E470B59}.Release|Any CPU.Deploy.0 = Release|Any CPU
		{B6587738-BA78-4A8F-A11F-6D001E470B59}.Release|iPhone.ActiveCfg = Release|Any CPU
		{B6587738-BA78-4A8F-A11F-6D001E470B59}.Release|iPhone.Build.0 = Release|Any CPU
		{B6587738-BA78-4A8F-A11F-6D001E470B59}.Release|iPhone.Deploy.0 = Release|Any CPU
		{B6587738-BA78-4A8F-A11F-6D001E470B59}.Release|iPhoneSimulator.ActiveCfg = Release|Any CPU
		{B6587738-BA78-4A8F-A11F-6D001E470B59}.Release|iPhoneSimulator.Build.0 = Release|Any CPU
		{B6587738-BA78-4A8F-A11F-6D001E470B59}.Release|iPhoneSimulator.Deploy.0 = Release|Any CPU
		{A43D4DA2-4451-49FF-B222-537B22A35FA4}.Ad-Hoc|Any CPU.ActiveCfg = Ad-Hoc|iPhone
		{A43D4DA2-4451-49FF-B222-537B22A35FA4}.Ad-Hoc|Any CPU.Build.0 = Ad-Hoc|iPhone
		{A43D4DA2-4451-49FF-B222-537B22A35FA4}.Ad-Hoc|Any CPU.Deploy.0 = Ad-Hoc|iPhone
		{A43D4DA2-4451-49FF-B222-537B22A35FA4}.Ad-Hoc|iPhone.ActiveCfg = Ad-Hoc|iPhone
		{A43D4DA2-4451-49FF-B222-537B22A35FA4}.Ad-Hoc|iPhone.Build.0 = Ad-Hoc|iPhone
		{A43D4DA2-4451-49FF-B222-537B22A35FA4}.Ad-Hoc|iPhone.Deploy.0 = Ad-Hoc|iPhone
		{A43D4DA2-4451-49FF-B222-537B22A35FA4}.Ad-Hoc|iPhoneSimulator.ActiveCfg = Ad-Hoc|iPhoneSimulator
		{A43D4DA2-4451-49FF-B222-537B22A35FA4}.Ad-Hoc|iPhoneSimulator.Build.0 = Ad-Hoc|iPhoneSimulator
		{A43D4DA2-4451-49FF-B222-537B22A35FA4}.Ad-Hoc|iPhoneSimulator.Deploy.0 = Ad-Hoc|iPhoneSimulator
		{A43D4DA2-4451-49FF-B222-537B22A35FA4}.AppStore|Any CPU.ActiveCfg = AppStore|iPhone
		{A43D4DA2-4451-49FF-B222-537B22A35FA4}.AppStore|Any CPU.Build.0 = AppStore|iPhone
		{A43D4DA2-4451-49FF-B222-537B22A35FA4}.AppStore|Any CPU.Deploy.0 = AppStore|iPhone
		{A43D4DA2-4451-49FF-B222-537B22A35FA4}.AppStore|iPhone.ActiveCfg = AppStore|iPhone
		{A43D4DA2-4451-49FF-B222-537B22A35FA4}.AppStore|iPhone.Build.0 = AppStore|iPhone
		{A43D4DA2-4451-49FF-B222-537B22A35FA4}.AppStore|iPhone.Deploy.0 = AppStore|iPhone
		{A43D4DA2-4451-49FF-B222-537B22A35FA4}.AppStore|iPhoneSimulator.ActiveCfg = AppStore|iPhoneSimulator
		{A43D4DA2-4451-49FF-B222-537B22A35FA4}.AppStore|iPhoneSimulator.Build.0 = AppStore|iPhoneSimulator
		{A43D4DA2-4451-49FF-B222-537B22A35FA4}.AppStore|iPhoneSimulator.Deploy.0 = AppStore|iPhoneSimulator
		{A43D4DA2-4451-49FF-B222-537B22A35FA4}.Debug|Any CPU.ActiveCfg = Debug|iPhoneSimulator
		{A43D4DA2-4451-49FF-B222-537B22A35FA4}.Debug|Any CPU.Build.0 = Debug|iPhoneSimulator
		{A43D4DA2-4451-49FF-B222-537B22A35FA4}.Debug|Any CPU.Deploy.0 = Debug|iPhoneSimulator
		{A43D4DA2-4451-49FF-B222-537B22A35FA4}.Debug|iPhone.ActiveCfg = Debug|iPhone
		{A43D4DA2-4451-49FF-B222-537B22A35FA4}.Debug|iPhone.Build.0 = Debug|iPhone
		{A43D4DA2-4451-49FF-B222-537B22A35FA4}.Debug|iPhone.Deploy.0 = Debug|iPhone
		{A43D4DA2-4451-49FF-B222-537B22A35FA4}.Debug|iPhoneSimulator.ActiveCfg = Debug|iPhoneSimulator
		{A43D4DA2-4451-49FF-B222-537B22A35FA4}.Debug|iPhoneSimulator.Build.0 = Debug|iPhoneSimulator
		{A43D4DA2-4451-49FF-B222-537B22A35FA4}.Debug|iPhoneSimulator.Deploy.0 = Debug|iPhoneSimulator
		{A43D4DA2-4451-49FF-B222-537B22A35FA4}.Release|Any CPU.ActiveCfg = Release|iPhone
		{A43D4DA2-4451-49FF-B222-537B22A35FA4}.Release|Any CPU.Build.0 = Release|iPhone
		{A43D4DA2-4451-49FF-B222-537B22A35FA4}.Release|Any CPU.Deploy.0 = Release|iPhone
		{A43D4DA2-4451-49FF-B222-537B22A35FA4}.Release|iPhone.ActiveCfg = Release|iPhone
		{A43D4DA2-4451-49FF-B222-537B22A35FA4}.Release|iPhone.Build.0 = Release|iPhone
		{A43D4DA2-4451-49FF-B222-537B22A35FA4}.Release|iPhone.Deploy.0 = Release|iPhone
		{A43D4DA2-4451-49FF-B222-537B22A35FA4}.Release|iPhoneSimulator.ActiveCfg = Release|iPhoneSimulator
		{A43D4DA2-4451-49FF-B222-537B22A35FA4}.Release|iPhoneSimulator.Build.0 = Release|iPhoneSimulator
		{A43D4DA2-4451-49FF-B222-537B22A35FA4}.Release|iPhoneSimulator.Deploy.0 = Release|iPhoneSimulator
		{F5A298F1-BCF4-4D86-B2BE-4A5C65CBA22B}.Ad-Hoc|Any CPU.ActiveCfg = Debug|Any CPU
		{F5A298F1-BCF4-4D86-B2BE-4A5C65CBA22B}.Ad-Hoc|Any CPU.Build.0 = Debug|Any CPU
		{F5A298F1-BCF4-4D86-B2BE-4A5C65CBA22B}.Ad-Hoc|Any CPU.Deploy.0 = Debug|Any CPU
		{F5A298F1-BCF4-4D86-B2BE-4A5C65CBA22B}.Ad-Hoc|iPhone.ActiveCfg = Debug|Any CPU
		{F5A298F1-BCF4-4D86-B2BE-4A5C65CBA22B}.Ad-Hoc|iPhone.Build.0 = Debug|Any CPU
		{F5A298F1-BCF4-4D86-B2BE-4A5C65CBA22B}.Ad-Hoc|iPhone.Deploy.0 = Debug|Any CPU
		{F5A298F1-BCF4-4D86-B2BE-4A5C65CBA22B}.Ad-Hoc|iPhoneSimulator.ActiveCfg = Debug|Any CPU
		{F5A298F1-BCF4-4D86-B2BE-4A5C65CBA22B}.Ad-Hoc|iPhoneSimulator.Build.0 = Debug|Any CPU
		{F5A298F1-BCF4-4D86-B2BE-4A5C65CBA22B}.Ad-Hoc|iPhoneSimulator.Deploy.0 = Debug|Any CPU
		{F5A298F1-BCF4-4D86-B2BE-4A5C65CBA22B}.AppStore|Any CPU.ActiveCfg = Debug|Any CPU
		{F5A298F1-BCF4-4D86-B2BE-4A5C65CBA22B}.AppStore|Any CPU.Build.0 = Debug|Any CPU
		{F5A298F1-BCF4-4D86-B2BE-4A5C65CBA22B}.AppStore|Any CPU.Deploy.0 = Debug|Any CPU
		{F5A298F1-BCF4-4D86-B2BE-4A5C65CBA22B}.AppStore|iPhone.ActiveCfg = Debug|Any CPU
		{F5A298F1-BCF4-4D86-B2BE-4A5C65CBA22B}.AppStore|iPhone.Build.0 = Debug|Any CPU
		{F5A298F1-BCF4-4D86-B2BE-4A5C65CBA22B}.AppStore|iPhone.Deploy.0 = Debug|Any CPU
		{F5A298F1-BCF4-4D86-B2BE-4A5C65CBA22B}.AppStore|iPhoneSimulator.ActiveCfg = Debug|Any CPU
		{F5A298F1-BCF4-4D86-B2BE-4A5C65CBA22B}.AppStore|iPhoneSimulator.Build.0 = Debug|Any CPU
		{F5A298F1-BCF4-4D86-B2BE-4A5C65CBA22B}.AppStore|iPhoneSimulator.Deploy.0 = Debug|Any CPU
		{F5A298F1-BCF4-4D86-B2BE-4A5C65CBA22B}.Debug|Any CPU.ActiveCfg = Debug|Any CPU
		{F5A298F1-BCF4-4D86-B2BE-4A5C65CBA22B}.Debug|Any CPU.Build.0 = Debug|Any CPU
		{F5A298F1-BCF4-4D86-B2BE-4A5C65CBA22B}.Debug|Any CPU.Deploy.0 = Debug|Any CPU
		{F5A298F1-BCF4-4D86-B2BE-4A5C65CBA22B}.Debug|iPhone.ActiveCfg = Debug|Any CPU
		{F5A298F1-BCF4-4D86-B2BE-4A5C65CBA22B}.Debug|iPhone.Build.0 = Debug|Any CPU
		{F5A298F1-BCF4-4D86-B2BE-4A5C65CBA22B}.Debug|iPhone.Deploy.0 = Debug|Any CPU
		{F5A298F1-BCF4-4D86-B2BE-4A5C65CBA22B}.Debug|iPhoneSimulator.ActiveCfg = Debug|Any CPU
		{F5A298F1-BCF4-4D86-B2BE-4A5C65CBA22B}.Debug|iPhoneSimulator.Build.0 = Debug|Any CPU
		{F5A298F1-BCF4-4D86-B2BE-4A5C65CBA22B}.Debug|iPhoneSimulator.Deploy.0 = Debug|Any CPU
		{F5A298F1-BCF4-4D86-B2BE-4A5C65CBA22B}.Release|Any CPU.ActiveCfg = Release|Any CPU
		{F5A298F1-BCF4-4D86-B2BE-4A5C65CBA22B}.Release|Any CPU.Build.0 = Release|Any CPU
		{F5A298F1-BCF4-4D86-B2BE-4A5C65CBA22B}.Release|Any CPU.Deploy.0 = Release|Any CPU
		{F5A298F1-BCF4-4D86-B2BE-4A5C65CBA22B}.Release|iPhone.ActiveCfg = Release|Any CPU
		{F5A298F1-BCF4-4D86-B2BE-4A5C65CBA22B}.Release|iPhone.Build.0 = Release|Any CPU
		{F5A298F1-BCF4-4D86-B2BE-4A5C65CBA22B}.Release|iPhone.Deploy.0 = Release|Any CPU
		{F5A298F1-BCF4-4D86-B2BE-4A5C65CBA22B}.Release|iPhoneSimulator.ActiveCfg = Release|Any CPU
		{F5A298F1-BCF4-4D86-B2BE-4A5C65CBA22B}.Release|iPhoneSimulator.Build.0 = Release|Any CPU
		{F5A298F1-BCF4-4D86-B2BE-4A5C65CBA22B}.Release|iPhoneSimulator.Deploy.0 = Release|Any CPU
	EndGlobalSection
	GlobalSection(SolutionProperties) = preSolution
		HideSolutionNode = FALSE
	EndGlobalSection
	GlobalSection(ExtensibilityGlobals) = postSolution
		SolutionGuid = {F031F7CF-2A89-49D7-84FA-0A4D32F0D3EB}
	EndGlobalSection
EndGlobal
