
Microsoft Visual Studio Solution File, Format Version 12.00
# Visual Studio 15
VisualStudioVersion = 15.0.27428.2037
MinimumVisualStudioVersion = 10.0.40219.1
Project("{9A19103F-16F7-4668-BE54-9A1E7A4F7556}") = "TrainingRooms", "TrainingRooms\TrainingRooms.csproj", "{A89C545B-C231-4858-AF62-C35F499E60D1}"
EndProject
Project("{FAE04EC0-301F-11D3-BF4B-00C04F79EFBC}") = "trainingrooms.droid", "trainingrooms.droid\trainingrooms.droid.csproj", "{5836EEEF-8C69-4EF0-A84C-911E0C11765A}"
EndProject
Project("{FAE04EC0-301F-11D3-BF4B-00C04F79EFBC}") = "TrainingRooms.UWP", "TrainingRooms.UWP\TrainingRooms.UWP.csproj", "{40B3F879-2205-4DC9-8876-7C702D2A3204}"
EndProject
Global
	GlobalSection(SolutionConfigurationPlatforms) = preSolution
		Debug|Any CPU = Debug|Any CPU
		Debug|ARM = Debug|ARM
		Debug|x64 = Debug|x64
		Debug|x86 = Debug|x86
		Release|Any CPU = Release|Any CPU
		Release|ARM = Release|ARM
		Release|x64 = Release|x64
		Release|x86 = Release|x86
	EndGlobalSection
	GlobalSection(ProjectConfigurationPlatforms) = postSolution
		{A89C545B-C231-4858-AF62-C35F499E60D1}.Debug|Any CPU.ActiveCfg = Debug|Any CPU
		{A89C545B-C231-4858-AF62-C35F499E60D1}.Debug|Any CPU.Build.0 = Debug|Any CPU
		{A89C545B-C231-4858-AF62-C35F499E60D1}.Debug|ARM.ActiveCfg = Debug|Any CPU
		{A89C545B-C231-4858-AF62-C35F499E60D1}.Debug|ARM.Build.0 = Debug|Any CPU
		{A89C545B-C231-4858-AF62-C35F499E60D1}.Debug|x64.ActiveCfg = Debug|Any CPU
		{A89C545B-C231-4858-AF62-C35F499E60D1}.Debug|x64.Build.0 = Debug|Any CPU
		{A89C545B-C231-4858-AF62-C35F499E60D1}.Debug|x86.ActiveCfg = Debug|Any CPU
		{A89C545B-C231-4858-AF62-C35F499E60D1}.Debug|x86.Build.0 = Debug|Any CPU
		{A89C545B-C231-4858-AF62-C35F499E60D1}.Release|Any CPU.ActiveCfg = Release|Any CPU
		{A89C545B-C231-4858-AF62-C35F499E60D1}.Release|Any CPU.Build.0 = Release|Any CPU
		{A89C545B-C231-4858-AF62-C35F499E60D1}.Release|ARM.ActiveCfg = Release|Any CPU
		{A89C545B-C231-4858-AF62-C35F499E60D1}.Release|ARM.Build.0 = Release|Any CPU
		{A89C545B-C231-4858-AF62-C35F499E60D1}.Release|x64.ActiveCfg = Release|Any CPU
		{A89C545B-C231-4858-AF62-C35F499E60D1}.Release|x64.Build.0 = Release|Any CPU
		{A89C545B-C231-4858-AF62-C35F499E60D1}.Release|x86.ActiveCfg = Release|Any CPU
		{A89C545B-C231-4858-AF62-C35F499E60D1}.Release|x86.Build.0 = Release|Any CPU
		{5836EEEF-8C69-4EF0-A84C-911E0C11765A}.Debug|Any CPU.ActiveCfg = Debug|Any CPU
		{5836EEEF-8C69-4EF0-A84C-911E0C11765A}.Debug|Any CPU.Build.0 = Debug|Any CPU
		{5836EEEF-8C69-4EF0-A84C-911E0C11765A}.Debug|Any CPU.Deploy.0 = Debug|Any CPU
		{5836EEEF-8C69-4EF0-A84C-911E0C11765A}.Debug|ARM.ActiveCfg = Debug|Any CPU
		{5836EEEF-8C69-4EF0-A84C-911E0C11765A}.Debug|ARM.Build.0 = Debug|Any CPU
		{5836EEEF-8C69-4EF0-A84C-911E0C11765A}.Debug|ARM.Deploy.0 = Debug|Any CPU
		{5836EEEF-8C69-4EF0-A84C-911E0C11765A}.Debug|x64.ActiveCfg = Debug|Any CPU
		{5836EEEF-8C69-4EF0-A84C-911E0C11765A}.Debug|x64.Build.0 = Debug|Any CPU
		{5836EEEF-8C69-4EF0-A84C-911E0C11765A}.Debug|x64.Deploy.0 = Debug|Any CPU
		{5836EEEF-8C69-4EF0-A84C-911E0C11765A}.Debug|x86.ActiveCfg = Debug|Any CPU
		{5836EEEF-8C69-4EF0-A84C-911E0C11765A}.Debug|x86.Build.0 = Debug|Any CPU
		{5836EEEF-8C69-4EF0-A84C-911E0C11765A}.Debug|x86.Deploy.0 = Debug|Any CPU
		{5836EEEF-8C69-4EF0-A84C-911E0C11765A}.Release|Any CPU.ActiveCfg = Release|Any CPU
		{5836EEEF-8C69-4EF0-A84C-911E0C11765A}.Release|Any CPU.Build.0 = Release|Any CPU
		{5836EEEF-8C69-4EF0-A84C-911E0C11765A}.Release|Any CPU.Deploy.0 = Release|Any CPU
		{5836EEEF-8C69-4EF0-A84C-911E0C11765A}.Release|ARM.ActiveCfg = Release|Any CPU
		{5836EEEF-8C69-4EF0-A84C-911E0C11765A}.Release|ARM.Build.0 = Release|Any CPU
		{5836EEEF-8C69-4EF0-A84C-911E0C11765A}.Release|ARM.Deploy.0 = Release|Any CPU
		{5836EEEF-8C69-4EF0-A84C-911E0C11765A}.Release|x64.ActiveCfg = Release|Any CPU
		{5836EEEF-8C69-4EF0-A84C-911E0C11765A}.Release|x64.Build.0 = Release|Any CPU
		{5836EEEF-8C69-4EF0-A84C-911E0C11765A}.Release|x64.Deploy.0 = Release|Any CPU
		{5836EEEF-8C69-4EF0-A84C-911E0C11765A}.Release|x86.ActiveCfg = Release|Any CPU
		{5836EEEF-8C69-4EF0-A84C-911E0C11765A}.Release|x86.Build.0 = Release|Any CPU
		{5836EEEF-8C69-4EF0-A84C-911E0C11765A}.Release|x86.Deploy.0 = Release|Any CPU
		{40B3F879-2205-4DC9-8876-7C702D2A3204}.Debug|Any CPU.ActiveCfg = Debug|x86
		{40B3F879-2205-4DC9-8876-7C702D2A3204}.Debug|ARM.ActiveCfg = Debug|ARM
		{40B3F879-2205-4DC9-8876-7C702D2A3204}.Debug|ARM.Build.0 = Debug|ARM
		{40B3F879-2205-4DC9-8876-7C702D2A3204}.Debug|ARM.Deploy.0 = Debug|ARM
		{40B3F879-2205-4DC9-8876-7C702D2A3204}.Debug|x64.ActiveCfg = Debug|x64
		{40B3F879-2205-4DC9-8876-7C702D2A3204}.Debug|x64.Build.0 = Debug|x64
		{40B3F879-2205-4DC9-8876-7C702D2A3204}.Debug|x64.Deploy.0 = Debug|x64
		{40B3F879-2205-4DC9-8876-7C702D2A3204}.Debug|x86.ActiveCfg = Debug|x86
		{40B3F879-2205-4DC9-8876-7C702D2A3204}.Debug|x86.Build.0 = Debug|x86
		{40B3F879-2205-4DC9-8876-7C702D2A3204}.Debug|x86.Deploy.0 = Debug|x86
		{40B3F879-2205-4DC9-8876-7C702D2A3204}.Release|Any CPU.ActiveCfg = Release|x86
		{40B3F879-2205-4DC9-8876-7C702D2A3204}.Release|ARM.ActiveCfg = Release|ARM
		{40B3F879-2205-4DC9-8876-7C702D2A3204}.Release|ARM.Build.0 = Release|ARM
		{40B3F879-2205-4DC9-8876-7C702D2A3204}.Release|ARM.Deploy.0 = Release|ARM
		{40B3F879-2205-4DC9-8876-7C702D2A3204}.Release|x64.ActiveCfg = Release|x64
		{40B3F879-2205-4DC9-8876-7C702D2A3204}.Release|x64.Build.0 = Release|x64
		{40B3F879-2205-4DC9-8876-7C702D2A3204}.Release|x64.Deploy.0 = Release|x64
		{40B3F879-2205-4DC9-8876-7C702D2A3204}.Release|x86.ActiveCfg = Release|x86
		{40B3F879-2205-4DC9-8876-7C702D2A3204}.Release|x86.Build.0 = Release|x86
		{40B3F879-2205-4DC9-8876-7C702D2A3204}.Release|x86.Deploy.0 = Release|x86
	EndGlobalSection
	GlobalSection(SolutionProperties) = preSolution
		HideSolutionNode = FALSE
	EndGlobalSection
	GlobalSection(ExtensibilityGlobals) = postSolution
		SolutionGuid = {0488C0BE-1023-4B01-8133-61DB75276C2E}
	EndGlobalSection
EndGlobal
