
Microsoft Visual Studio Solution File, Format Version 12.00
# Visual Studio 15
VisualStudioVersion = 15.0.27703.2042
MinimumVisualStudioVersion = 10.0.40219.1
Project("{FAE04EC0-301F-11D3-BF4B-00C04F79EFBC}") = "ContactListApp.Android", "ContactListApp\ContactListApp.Android\ContactListApp.Android.csproj", "{A27BA669-C383-4752-9711-90FC5CAE593C}"
EndProject
Project("{FAE04EC0-301F-11D3-BF4B-00C04F79EFBC}") = "ContactListApp.iOS", "ContactListApp\ContactListApp.iOS\ContactListApp.iOS.csproj", "{FB78C73A-1034-47F0-A7D8-DF860CB6CA05}"
EndProject
Project("{FAE04EC0-301F-11D3-BF4B-00C04F79EFBC}") = "ContactListApp", "ContactListApp\ContactListApp\ContactListApp.csproj", "{72BB382F-2463-4699-8964-ACF66C9BF5B5}"
EndProject
Global
	GlobalSection(SolutionConfigurationPlatforms) = preSolution
		Ad-Hoc|Any CPU = Ad-Hoc|Any CPU
		Ad-Hoc|iPhone = Ad-Hoc|iPhone
		Ad-Hoc|iPhoneSimulator = Ad-Hoc|iPhoneSimulator
		AppStore|Any CPU = AppStore|Any CPU
		AppStore|iPhone = AppStore|iPhone
		AppStore|iPhoneSimulator = AppStore|iPhoneSimulator
		Debug|Any CPU = Debug|Any CPU
		Debug|iPhone = Debug|iPhone
		Debug|iPhoneSimulator = Debug|iPhoneSimulator
		Release|Any CPU = Release|Any CPU
		Release|iPhone = Release|iPhone
		Release|iPhoneSimulator = Release|iPhoneSimulator
	EndGlobalSection
	GlobalSection(ProjectConfigurationPlatforms) = postSolution
		{A27BA669-C383-4752-9711-90FC5CAE593C}.Ad-Hoc|Any CPU.ActiveCfg = Release|Any CPU
		{A27BA669-C383-4752-9711-90FC5CAE593C}.Ad-Hoc|Any CPU.Build.0 = Release|Any CPU
		{A27BA669-C383-4752-9711-90FC5CAE593C}.Ad-Hoc|Any CPU.Deploy.0 = Release|Any CPU
		{A27BA669-C383-4752-9711-90FC5CAE593C}.Ad-Hoc|iPhone.ActiveCfg = Release|Any CPU
		{A27BA669-C383-4752-9711-90FC5CAE593C}.Ad-Hoc|iPhone.Build.0 = Release|Any CPU
		{A27BA669-C383-4752-9711-90FC5CAE593C}.Ad-Hoc|iPhone.Deploy.0 = Release|Any CPU
		{A27BA669-C383-4752-9711-90FC5CAE593C}.Ad-Hoc|iPhoneSimulator.ActiveCfg = Release|Any CPU
		{A27BA669-C383-4752-9711-90FC5CAE593C}.Ad-Hoc|iPhoneSimulator.Build.0 = Release|Any CPU
		{A27BA669-C383-4752-9711-90FC5CAE593C}.Ad-Hoc|iPhoneSimulator.Deploy.0 = Release|Any CPU
		{A27BA669-C383-4752-9711-90FC5CAE593C}.AppStore|Any CPU.ActiveCfg = Release|Any CPU
		{A27BA669-C383-4752-9711-90FC5CAE593C}.AppStore|Any CPU.Build.0 = Release|Any CPU
		{A27BA669-C383-4752-9711-90FC5CAE593C}.AppStore|Any CPU.Deploy.0 = Release|Any CPU
		{A27BA669-C383-4752-9711-90FC5CAE593C}.AppStore|iPhone.ActiveCfg = Release|Any CPU
		{A27BA669-C383-4752-9711-90FC5CAE593C}.AppStore|iPhone.Build.0 = Release|Any CPU
		{A27BA669-C383-4752-9711-90FC5CAE593C}.AppStore|iPhone.Deploy.0 = Release|Any CPU
		{A27BA669-C383-4752-9711-90FC5CAE593C}.AppStore|iPhoneSimulator.ActiveCfg = Release|Any CPU
		{A27BA669-C383-4752-9711-90FC5CAE593C}.AppStore|iPhoneSimulator.Build.0 = Release|Any CPU
		{A27BA669-C383-4752-9711-90FC5CAE593C}.AppStore|iPhoneSimulator.Deploy.0 = Release|Any CPU
		{A27BA669-C383-4752-9711-90FC5CAE593C}.Debug|Any CPU.ActiveCfg = Debug|Any CPU
		{A27BA669-C383-4752-9711-90FC5CAE593C}.Debug|Any CPU.Build.0 = Debug|Any CPU
		{A27BA669-C383-4752-9711-90FC5CAE593C}.Debug|Any CPU.Deploy.0 = Debug|Any CPU
		{A27BA669-C383-4752-9711-90FC5CAE593C}.Debug|iPhone.ActiveCfg = Debug|Any CPU
		{A27BA669-C383-4752-9711-90FC5CAE593C}.Debug|iPhone.Build.0 = Debug|Any CPU
		{A27BA669-C383-4752-9711-90FC5CAE593C}.Debug|iPhone.Deploy.0 = Debug|Any CPU
		{A27BA669-C383-4752-9711-90FC5CAE593C}.Debug|iPhoneSimulator.ActiveCfg = Debug|Any CPU
		{A27BA669-C383-4752-9711-90FC5CAE593C}.Debug|iPhoneSimulator.Build.0 = Debug|Any CPU
		{A27BA669-C383-4752-9711-90FC5CAE593C}.Debug|iPhoneSimulator.Deploy.0 = Debug|Any CPU
		{A27BA669-C383-4752-9711-90FC5CAE593C}.Release|Any CPU.ActiveCfg = Release|Any CPU
		{A27BA669-C383-4752-9711-90FC5CAE593C}.Release|Any CPU.Build.0 = Release|Any CPU
		{A27BA669-C383-4752-9711-90FC5CAE593C}.Release|Any CPU.Deploy.0 = Release|Any CPU
		{A27BA669-C383-4752-9711-90FC5CAE593C}.Release|iPhone.ActiveCfg = Release|Any CPU
		{A27BA669-C383-4752-9711-90FC5CAE593C}.Release|iPhone.Build.0 = Release|Any CPU
		{A27BA669-C383-4752-9711-90FC5CAE593C}.Release|iPhone.Deploy.0 = Release|Any CPU
		{A27BA669-C383-4752-9711-90FC5CAE593C}.Release|iPhoneSimulator.ActiveCfg = Release|Any CPU
		{A27BA669-C383-4752-9711-90FC5CAE593C}.Release|iPhoneSimulator.Build.0 = Release|Any CPU
		{A27BA669-C383-4752-9711-90FC5CAE593C}.Release|iPhoneSimulator.Deploy.0 = Release|Any CPU
		{FB78C73A-1034-47F0-A7D8-DF860CB6CA05}.Ad-Hoc|Any CPU.ActiveCfg = Ad-Hoc|iPhone
		{FB78C73A-1034-47F0-A7D8-DF860CB6CA05}.Ad-Hoc|Any CPU.Build.0 = Ad-Hoc|iPhone
		{FB78C73A-1034-47F0-A7D8-DF860CB6CA05}.Ad-Hoc|Any CPU.Deploy.0 = Ad-Hoc|iPhone
		{FB78C73A-1034-47F0-A7D8-DF860CB6CA05}.Ad-Hoc|iPhone.ActiveCfg = Ad-Hoc|iPhone
		{FB78C73A-1034-47F0-A7D8-DF860CB6CA05}.Ad-Hoc|iPhone.Build.0 = Ad-Hoc|iPhone
		{FB78C73A-1034-47F0-A7D8-DF860CB6CA05}.Ad-Hoc|iPhone.Deploy.0 = Ad-Hoc|iPhone
		{FB78C73A-1034-47F0-A7D8-DF860CB6CA05}.Ad-Hoc|iPhoneSimulator.ActiveCfg = Ad-Hoc|iPhoneSimulator
		{FB78C73A-1034-47F0-A7D8-DF860CB6CA05}.Ad-Hoc|iPhoneSimulator.Build.0 = Ad-Hoc|iPhoneSimulator
		{FB78C73A-1034-47F0-A7D8-DF860CB6CA05}.Ad-Hoc|iPhoneSimulator.Deploy.0 = Ad-Hoc|iPhoneSimulator
		{FB78C73A-1034-47F0-A7D8-DF860CB6CA05}.AppStore|Any CPU.ActiveCfg = AppStore|iPhone
		{FB78C73A-1034-47F0-A7D8-DF860CB6CA05}.AppStore|Any CPU.Build.0 = AppStore|iPhone
		{FB78C73A-1034-47F0-A7D8-DF860CB6CA05}.AppStore|Any CPU.Deploy.0 = AppStore|iPhone
		{FB78C73A-1034-47F0-A7D8-DF860CB6CA05}.AppStore|iPhone.ActiveCfg = AppStore|iPhone
		{FB78C73A-1034-47F0-A7D8-DF860CB6CA05}.AppStore|iPhone.Build.0 = AppStore|iPhone
		{FB78C73A-1034-47F0-A7D8-DF860CB6CA05}.AppStore|iPhone.Deploy.0 = AppStore|iPhone
		{FB78C73A-1034-47F0-A7D8-DF860CB6CA05}.AppStore|iPhoneSimulator.ActiveCfg = AppStore|iPhoneSimulator
		{FB78C73A-1034-47F0-A7D8-DF860CB6CA05}.AppStore|iPhoneSimulator.Build.0 = AppStore|iPhoneSimulator
		{FB78C73A-1034-47F0-A7D8-DF860CB6CA05}.AppStore|iPhoneSimulator.Deploy.0 = AppStore|iPhoneSimulator
		{FB78C73A-1034-47F0-A7D8-DF860CB6CA05}.Debug|Any CPU.ActiveCfg = Debug|iPhoneSimulator
		{FB78C73A-1034-47F0-A7D8-DF860CB6CA05}.Debug|Any CPU.Build.0 = Debug|iPhoneSimulator
		{FB78C73A-1034-47F0-A7D8-DF860CB6CA05}.Debug|Any CPU.Deploy.0 = Debug|iPhoneSimulator
		{FB78C73A-1034-47F0-A7D8-DF860CB6CA05}.Debug|iPhone.ActiveCfg = Debug|iPhone
		{FB78C73A-1034-47F0-A7D8-DF860CB6CA05}.Debug|iPhone.Build.0 = Debug|iPhone
		{FB78C73A-1034-47F0-A7D8-DF860CB6CA05}.Debug|iPhone.Deploy.0 = Debug|iPhone
		{FB78C73A-1034-47F0-A7D8-DF860CB6CA05}.Debug|iPhoneSimulator.ActiveCfg = Debug|iPhoneSimulator
		{FB78C73A-1034-47F0-A7D8-DF860CB6CA05}.Debug|iPhoneSimulator.Build.0 = Debug|iPhoneSimulator
		{FB78C73A-1034-47F0-A7D8-DF860CB6CA05}.Debug|iPhoneSimulator.Deploy.0 = Debug|iPhoneSimulator
		{FB78C73A-1034-47F0-A7D8-DF860CB6CA05}.Release|Any CPU.ActiveCfg = Release|iPhone
		{FB78C73A-1034-47F0-A7D8-DF860CB6CA05}.Release|Any CPU.Build.0 = Release|iPhone
		{FB78C73A-1034-47F0-A7D8-DF860CB6CA05}.Release|Any CPU.Deploy.0 = Release|iPhone
		{FB78C73A-1034-47F0-A7D8-DF860CB6CA05}.Release|iPhone.ActiveCfg = Release|iPhone
		{FB78C73A-1034-47F0-A7D8-DF860CB6CA05}.Release|iPhone.Build.0 = Release|iPhone
		{FB78C73A-1034-47F0-A7D8-DF860CB6CA05}.Release|iPhone.Deploy.0 = Release|iPhone
		{FB78C73A-1034-47F0-A7D8-DF860CB6CA05}.Release|iPhoneSimulator.ActiveCfg = Release|iPhoneSimulator
		{FB78C73A-1034-47F0-A7D8-DF860CB6CA05}.Release|iPhoneSimulator.Build.0 = Release|iPhoneSimulator
		{FB78C73A-1034-47F0-A7D8-DF860CB6CA05}.Release|iPhoneSimulator.Deploy.0 = Release|iPhoneSimulator
		{72BB382F-2463-4699-8964-ACF66C9BF5B5}.Ad-Hoc|Any CPU.ActiveCfg = Debug|Any CPU
		{72BB382F-2463-4699-8964-ACF66C9BF5B5}.Ad-Hoc|Any CPU.Build.0 = Debug|Any CPU
		{72BB382F-2463-4699-8964-ACF66C9BF5B5}.Ad-Hoc|Any CPU.Deploy.0 = Debug|Any CPU
		{72BB382F-2463-4699-8964-ACF66C9BF5B5}.Ad-Hoc|iPhone.ActiveCfg = Debug|Any CPU
		{72BB382F-2463-4699-8964-ACF66C9BF5B5}.Ad-Hoc|iPhone.Build.0 = Debug|Any CPU
		{72BB382F-2463-4699-8964-ACF66C9BF5B5}.Ad-Hoc|iPhone.Deploy.0 = Debug|Any CPU
		{72BB382F-2463-4699-8964-ACF66C9BF5B5}.Ad-Hoc|iPhoneSimulator.ActiveCfg = Debug|Any CPU
		{72BB382F-2463-4699-8964-ACF66C9BF5B5}.Ad-Hoc|iPhoneSimulator.Build.0 = Debug|Any CPU
		{72BB382F-2463-4699-8964-ACF66C9BF5B5}.Ad-Hoc|iPhoneSimulator.Deploy.0 = Debug|Any CPU
		{72BB382F-2463-4699-8964-ACF66C9BF5B5}.AppStore|Any CPU.ActiveCfg = Debug|Any CPU
		{72BB382F-2463-4699-8964-ACF66C9BF5B5}.AppStore|Any CPU.Build.0 = Debug|Any CPU
		{72BB382F-2463-4699-8964-ACF66C9BF5B5}.AppStore|Any CPU.Deploy.0 = Debug|Any CPU
		{72BB382F-2463-4699-8964-ACF66C9BF5B5}.AppStore|iPhone.ActiveCfg = Debug|Any CPU
		{72BB382F-2463-4699-8964-ACF66C9BF5B5}.AppStore|iPhone.Build.0 = Debug|Any CPU
		{72BB382F-2463-4699-8964-ACF66C9BF5B5}.AppStore|iPhone.Deploy.0 = Debug|Any CPU
		{72BB382F-2463-4699-8964-ACF66C9BF5B5}.AppStore|iPhoneSimulator.ActiveCfg = Debug|Any CPU
		{72BB382F-2463-4699-8964-ACF66C9BF5B5}.AppStore|iPhoneSimulator.Build.0 = Debug|Any CPU
		{72BB382F-2463-4699-8964-ACF66C9BF5B5}.AppStore|iPhoneSimulator.Deploy.0 = Debug|Any CPU
		{72BB382F-2463-4699-8964-ACF66C9BF5B5}.Debug|Any CPU.ActiveCfg = Debug|Any CPU
		{72BB382F-2463-4699-8964-ACF66C9BF5B5}.Debug|Any CPU.Build.0 = Debug|Any CPU
		{72BB382F-2463-4699-8964-ACF66C9BF5B5}.Debug|Any CPU.Deploy.0 = Debug|Any CPU
		{72BB382F-2463-4699-8964-ACF66C9BF5B5}.Debug|iPhone.ActiveCfg = Debug|Any CPU
		{72BB382F-2463-4699-8964-ACF66C9BF5B5}.Debug|iPhone.Build.0 = Debug|Any CPU
		{72BB382F-2463-4699-8964-ACF66C9BF5B5}.Debug|iPhone.Deploy.0 = Debug|Any CPU
		{72BB382F-2463-4699-8964-ACF66C9BF5B5}.Debug|iPhoneSimulator.ActiveCfg = Debug|Any CPU
		{72BB382F-2463-4699-8964-ACF66C9BF5B5}.Debug|iPhoneSimulator.Build.0 = Debug|Any CPU
		{72BB382F-2463-4699-8964-ACF66C9BF5B5}.Debug|iPhoneSimulator.Deploy.0 = Debug|Any CPU
		{72BB382F-2463-4699-8964-ACF66C9BF5B5}.Release|Any CPU.ActiveCfg = Release|Any CPU
		{72BB382F-2463-4699-8964-ACF66C9BF5B5}.Release|Any CPU.Build.0 = Release|Any CPU
		{72BB382F-2463-4699-8964-ACF66C9BF5B5}.Release|Any CPU.Deploy.0 = Release|Any CPU
		{72BB382F-2463-4699-8964-ACF66C9BF5B5}.Release|iPhone.ActiveCfg = Release|Any CPU
		{72BB382F-2463-4699-8964-ACF66C9BF5B5}.Release|iPhone.Build.0 = Release|Any CPU
		{72BB382F-2463-4699-8964-ACF66C9BF5B5}.Release|iPhone.Deploy.0 = Release|Any CPU
		{72BB382F-2463-4699-8964-ACF66C9BF5B5}.Release|iPhoneSimulator.ActiveCfg = Release|Any CPU
		{72BB382F-2463-4699-8964-ACF66C9BF5B5}.Release|iPhoneSimulator.Build.0 = Release|Any CPU
		{72BB382F-2463-4699-8964-ACF66C9BF5B5}.Release|iPhoneSimulator.Deploy.0 = Release|Any CPU
	EndGlobalSection
	GlobalSection(SolutionProperties) = preSolution
		HideSolutionNode = FALSE
	EndGlobalSection
	GlobalSection(ExtensibilityGlobals) = postSolution
		SolutionGuid = {A8CE9974-32F8-406C-9103-FC3E64B6CFAB}
	EndGlobalSection
EndGlobal
