
Microsoft Visual Studio Solution File, Format Version 12.00
# Visual Studio 15
VisualStudioVersion = 15.0.27703.2042
MinimumVisualStudioVersion = 10.0.40219.1
Project("{FAE04EC0-301F-11D3-BF4B-00C04F79EFBC}") = "ContactBook.Android", "ContactBook\ContactBook.Android\ContactBook.Android.csproj", "{8D8918E3-1397-4F16-9C30-40E0DD0E01DD}"
EndProject
Project("{FAE04EC0-301F-11D3-BF4B-00C04F79EFBC}") = "ContactBook.iOS", "ContactBook\ContactBook.iOS\ContactBook.iOS.csproj", "{11DB2457-F09C-47E2-A90C-FAFE85448D1D}"
EndProject
Project("{FAE04EC0-301F-11D3-BF4B-00C04F79EFBC}") = "ContactBook", "ContactBook\ContactBook\ContactBook.csproj", "{18FCBA93-ECE6-4DA2-A7EE-2B371154D4CA}"
EndProject
Global
	GlobalSection(SolutionConfigurationPlatforms) = preSolution
		Ad-Hoc|Any CPU = Ad-Hoc|Any CPU
		Ad-Hoc|iPhone = Ad-Hoc|iPhone
		Ad-Hoc|iPhoneSimulator = Ad-Hoc|iPhoneSimulator
		AppStore|Any CPU = AppStore|Any CPU
		AppStore|iPhone = AppStore|iPhone
		AppStore|iPhoneSimulator = AppStore|iPhoneSimulator
		Debug|Any CPU = Debug|Any CPU
		Debug|iPhone = Debug|iPhone
		Debug|iPhoneSimulator = Debug|iPhoneSimulator
		Release|Any CPU = Release|Any CPU
		Release|iPhone = Release|iPhone
		Release|iPhoneSimulator = Release|iPhoneSimulator
	EndGlobalSection
	GlobalSection(ProjectConfigurationPlatforms) = postSolution
		{8D8918E3-1397-4F16-9C30-40E0DD0E01DD}.Ad-Hoc|Any CPU.ActiveCfg = Release|Any CPU
		{8D8918E3-1397-4F16-9C30-40E0DD0E01DD}.Ad-Hoc|Any CPU.Build.0 = Release|Any CPU
		{8D8918E3-1397-4F16-9C30-40E0DD0E01DD}.Ad-Hoc|Any CPU.Deploy.0 = Release|Any CPU
		{8D8918E3-1397-4F16-9C30-40E0DD0E01DD}.Ad-Hoc|iPhone.ActiveCfg = Release|Any CPU
		{8D8918E3-1397-4F16-9C30-40E0DD0E01DD}.Ad-Hoc|iPhone.Build.0 = Release|Any CPU
		{8D8918E3-1397-4F16-9C30-40E0DD0E01DD}.Ad-Hoc|iPhone.Deploy.0 = Release|Any CPU
		{8D8918E3-1397-4F16-9C30-40E0DD0E01DD}.Ad-Hoc|iPhoneSimulator.ActiveCfg = Release|Any CPU
		{8D8918E3-1397-4F16-9C30-40E0DD0E01DD}.Ad-Hoc|iPhoneSimulator.Build.0 = Release|Any CPU
		{8D8918E3-1397-4F16-9C30-40E0DD0E01DD}.Ad-Hoc|iPhoneSimulator.Deploy.0 = Release|Any CPU
		{8D8918E3-1397-4F16-9C30-40E0DD0E01DD}.AppStore|Any CPU.ActiveCfg = Release|Any CPU
		{8D8918E3-1397-4F16-9C30-40E0DD0E01DD}.AppStore|Any CPU.Build.0 = Release|Any CPU
		{8D8918E3-1397-4F16-9C30-40E0DD0E01DD}.AppStore|Any CPU.Deploy.0 = Release|Any CPU
		{8D8918E3-1397-4F16-9C30-40E0DD0E01DD}.AppStore|iPhone.ActiveCfg = Release|Any CPU
		{8D8918E3-1397-4F16-9C30-40E0DD0E01DD}.AppStore|iPhone.Build.0 = Release|Any CPU
		{8D8918E3-1397-4F16-9C30-40E0DD0E01DD}.AppStore|iPhone.Deploy.0 = Release|Any CPU
		{8D8918E3-1397-4F16-9C30-40E0DD0E01DD}.AppStore|iPhoneSimulator.ActiveCfg = Release|Any CPU
		{8D8918E3-1397-4F16-9C30-40E0DD0E01DD}.AppStore|iPhoneSimulator.Build.0 = Release|Any CPU
		{8D8918E3-1397-4F16-9C30-40E0DD0E01DD}.AppStore|iPhoneSimulator.Deploy.0 = Release|Any CPU
		{8D8918E3-1397-4F16-9C30-40E0DD0E01DD}.Debug|Any CPU.ActiveCfg = Debug|Any CPU
		{8D8918E3-1397-4F16-9C30-40E0DD0E01DD}.Debug|Any CPU.Build.0 = Debug|Any CPU
		{8D8918E3-1397-4F16-9C30-40E0DD0E01DD}.Debug|Any CPU.Deploy.0 = Debug|Any CPU
		{8D8918E3-1397-4F16-9C30-40E0DD0E01DD}.Debug|iPhone.ActiveCfg = Debug|Any CPU
		{8D8918E3-1397-4F16-9C30-40E0DD0E01DD}.Debug|iPhone.Build.0 = Debug|Any CPU
		{8D8918E3-1397-4F16-9C30-40E0DD0E01DD}.Debug|iPhone.Deploy.0 = Debug|Any CPU
		{8D8918E3-1397-4F16-9C30-40E0DD0E01DD}.Debug|iPhoneSimulator.ActiveCfg = Debug|Any CPU
		{8D8918E3-1397-4F16-9C30-40E0DD0E01DD}.Debug|iPhoneSimulator.Build.0 = Debug|Any CPU
		{8D8918E3-1397-4F16-9C30-40E0DD0E01DD}.Debug|iPhoneSimulator.Deploy.0 = Debug|Any CPU
		{8D8918E3-1397-4F16-9C30-40E0DD0E01DD}.Release|Any CPU.ActiveCfg = Release|Any CPU
		{8D8918E3-1397-4F16-9C30-40E0DD0E01DD}.Release|Any CPU.Build.0 = Release|Any CPU
		{8D8918E3-1397-4F16-9C30-40E0DD0E01DD}.Release|Any CPU.Deploy.0 = Release|Any CPU
		{8D8918E3-1397-4F16-9C30-40E0DD0E01DD}.Release|iPhone.ActiveCfg = Release|Any CPU
		{8D8918E3-1397-4F16-9C30-40E0DD0E01DD}.Release|iPhone.Build.0 = Release|Any CPU
		{8D8918E3-1397-4F16-9C30-40E0DD0E01DD}.Release|iPhone.Deploy.0 = Release|Any CPU
		{8D8918E3-1397-4F16-9C30-40E0DD0E01DD}.Release|iPhoneSimulator.ActiveCfg = Release|Any CPU
		{8D8918E3-1397-4F16-9C30-40E0DD0E01DD}.Release|iPhoneSimulator.Build.0 = Release|Any CPU
		{8D8918E3-1397-4F16-9C30-40E0DD0E01DD}.Release|iPhoneSimulator.Deploy.0 = Release|Any CPU
		{11DB2457-F09C-47E2-A90C-FAFE85448D1D}.Ad-Hoc|Any CPU.ActiveCfg = Ad-Hoc|iPhone
		{11DB2457-F09C-47E2-A90C-FAFE85448D1D}.Ad-Hoc|Any CPU.Build.0 = Ad-Hoc|iPhone
		{11DB2457-F09C-47E2-A90C-FAFE85448D1D}.Ad-Hoc|Any CPU.Deploy.0 = Ad-Hoc|iPhone
		{11DB2457-F09C-47E2-A90C-FAFE85448D1D}.Ad-Hoc|iPhone.ActiveCfg = Ad-Hoc|iPhone
		{11DB2457-F09C-47E2-A90C-FAFE85448D1D}.Ad-Hoc|iPhone.Build.0 = Ad-Hoc|iPhone
		{11DB2457-F09C-47E2-A90C-FAFE85448D1D}.Ad-Hoc|iPhone.Deploy.0 = Ad-Hoc|iPhone
		{11DB2457-F09C-47E2-A90C-FAFE85448D1D}.Ad-Hoc|iPhoneSimulator.ActiveCfg = Ad-Hoc|iPhoneSimulator
		{11DB2457-F09C-47E2-A90C-FAFE85448D1D}.Ad-Hoc|iPhoneSimulator.Build.0 = Ad-Hoc|iPhoneSimulator
		{11DB2457-F09C-47E2-A90C-FAFE85448D1D}.Ad-Hoc|iPhoneSimulator.Deploy.0 = Ad-Hoc|iPhoneSimulator
		{11DB2457-F09C-47E2-A90C-FAFE85448D1D}.AppStore|Any CPU.ActiveCfg = AppStore|iPhone
		{11DB2457-F09C-47E2-A90C-FAFE85448D1D}.AppStore|Any CPU.Build.0 = AppStore|iPhone
		{11DB2457-F09C-47E2-A90C-FAFE85448D1D}.AppStore|Any CPU.Deploy.0 = AppStore|iPhone
		{11DB2457-F09C-47E2-A90C-FAFE85448D1D}.AppStore|iPhone.ActiveCfg = AppStore|iPhone
		{11DB2457-F09C-47E2-A90C-FAFE85448D1D}.AppStore|iPhone.Build.0 = AppStore|iPhone
		{11DB2457-F09C-47E2-A90C-FAFE85448D1D}.AppStore|iPhone.Deploy.0 = AppStore|iPhone
		{11DB2457-F09C-47E2-A90C-FAFE85448D1D}.AppStore|iPhoneSimulator.ActiveCfg = AppStore|iPhoneSimulator
		{11DB2457-F09C-47E2-A90C-FAFE85448D1D}.AppStore|iPhoneSimulator.Build.0 = AppStore|iPhoneSimulator
		{11DB2457-F09C-47E2-A90C-FAFE85448D1D}.AppStore|iPhoneSimulator.Deploy.0 = AppStore|iPhoneSimulator
		{11DB2457-F09C-47E2-A90C-FAFE85448D1D}.Debug|Any CPU.ActiveCfg = Debug|iPhoneSimulator
		{11DB2457-F09C-47E2-A90C-FAFE85448D1D}.Debug|Any CPU.Build.0 = Debug|iPhoneSimulator
		{11DB2457-F09C-47E2-A90C-FAFE85448D1D}.Debug|Any CPU.Deploy.0 = Debug|iPhoneSimulator
		{11DB2457-F09C-47E2-A90C-FAFE85448D1D}.Debug|iPhone.ActiveCfg = Debug|iPhone
		{11DB2457-F09C-47E2-A90C-FAFE85448D1D}.Debug|iPhone.Build.0 = Debug|iPhone
		{11DB2457-F09C-47E2-A90C-FAFE85448D1D}.Debug|iPhone.Deploy.0 = Debug|iPhone
		{11DB2457-F09C-47E2-A90C-FAFE85448D1D}.Debug|iPhoneSimulator.ActiveCfg = Debug|iPhoneSimulator
		{11DB2457-F09C-47E2-A90C-FAFE85448D1D}.Debug|iPhoneSimulator.Build.0 = Debug|iPhoneSimulator
		{11DB2457-F09C-47E2-A90C-FAFE85448D1D}.Debug|iPhoneSimulator.Deploy.0 = Debug|iPhoneSimulator
		{11DB2457-F09C-47E2-A90C-FAFE85448D1D}.Release|Any CPU.ActiveCfg = Release|iPhone
		{11DB2457-F09C-47E2-A90C-FAFE85448D1D}.Release|Any CPU.Build.0 = Release|iPhone
		{11DB2457-F09C-47E2-A90C-FAFE85448D1D}.Release|Any CPU.Deploy.0 = Release|iPhone
		{11DB2457-F09C-47E2-A90C-FAFE85448D1D}.Release|iPhone.ActiveCfg = Release|iPhone
		{11DB2457-F09C-47E2-A90C-FAFE85448D1D}.Release|iPhone.Build.0 = Release|iPhone
		{11DB2457-F09C-47E2-A90C-FAFE85448D1D}.Release|iPhone.Deploy.0 = Release|iPhone
		{11DB2457-F09C-47E2-A90C-FAFE85448D1D}.Release|iPhoneSimulator.ActiveCfg = Release|iPhoneSimulator
		{11DB2457-F09C-47E2-A90C-FAFE85448D1D}.Release|iPhoneSimulator.Build.0 = Release|iPhoneSimulator
		{11DB2457-F09C-47E2-A90C-FAFE85448D1D}.Release|iPhoneSimulator.Deploy.0 = Release|iPhoneSimulator
		{18FCBA93-ECE6-4DA2-A7EE-2B371154D4CA}.Ad-Hoc|Any CPU.ActiveCfg = Debug|Any CPU
		{18FCBA93-ECE6-4DA2-A7EE-2B371154D4CA}.Ad-Hoc|Any CPU.Build.0 = Debug|Any CPU
		{18FCBA93-ECE6-4DA2-A7EE-2B371154D4CA}.Ad-Hoc|Any CPU.Deploy.0 = Debug|Any CPU
		{18FCBA93-ECE6-4DA2-A7EE-2B371154D4CA}.Ad-Hoc|iPhone.ActiveCfg = Debug|Any CPU
		{18FCBA93-ECE6-4DA2-A7EE-2B371154D4CA}.Ad-Hoc|iPhone.Build.0 = Debug|Any CPU
		{18FCBA93-ECE6-4DA2-A7EE-2B371154D4CA}.Ad-Hoc|iPhone.Deploy.0 = Debug|Any CPU
		{18FCBA93-ECE6-4DA2-A7EE-2B371154D4CA}.Ad-Hoc|iPhoneSimulator.ActiveCfg = Debug|Any CPU
		{18FCBA93-ECE6-4DA2-A7EE-2B371154D4CA}.Ad-Hoc|iPhoneSimulator.Build.0 = Debug|Any CPU
		{18FCBA93-ECE6-4DA2-A7EE-2B371154D4CA}.Ad-Hoc|iPhoneSimulator.Deploy.0 = Debug|Any CPU
		{18FCBA93-ECE6-4DA2-A7EE-2B371154D4CA}.AppStore|Any CPU.ActiveCfg = Debug|Any CPU
		{18FCBA93-ECE6-4DA2-A7EE-2B371154D4CA}.AppStore|Any CPU.Build.0 = Debug|Any CPU
		{18FCBA93-ECE6-4DA2-A7EE-2B371154D4CA}.AppStore|Any CPU.Deploy.0 = Debug|Any CPU
		{18FCBA93-ECE6-4DA2-A7EE-2B371154D4CA}.AppStore|iPhone.ActiveCfg = Debug|Any CPU
		{18FCBA93-ECE6-4DA2-A7EE-2B371154D4CA}.AppStore|iPhone.Build.0 = Debug|Any CPU
		{18FCBA93-ECE6-4DA2-A7EE-2B371154D4CA}.AppStore|iPhone.Deploy.0 = Debug|Any CPU
		{18FCBA93-ECE6-4DA2-A7EE-2B371154D4CA}.AppStore|iPhoneSimulator.ActiveCfg = Debug|Any CPU
		{18FCBA93-ECE6-4DA2-A7EE-2B371154D4CA}.AppStore|iPhoneSimulator.Build.0 = Debug|Any CPU
		{18FCBA93-ECE6-4DA2-A7EE-2B371154D4CA}.AppStore|iPhoneSimulator.Deploy.0 = Debug|Any CPU
		{18FCBA93-ECE6-4DA2-A7EE-2B371154D4CA}.Debug|Any CPU.ActiveCfg = Debug|Any CPU
		{18FCBA93-ECE6-4DA2-A7EE-2B371154D4CA}.Debug|Any CPU.Build.0 = Debug|Any CPU
		{18FCBA93-ECE6-4DA2-A7EE-2B371154D4CA}.Debug|Any CPU.Deploy.0 = Debug|Any CPU
		{18FCBA93-ECE6-4DA2-A7EE-2B371154D4CA}.Debug|iPhone.ActiveCfg = Debug|Any CPU
		{18FCBA93-ECE6-4DA2-A7EE-2B371154D4CA}.Debug|iPhone.Build.0 = Debug|Any CPU
		{18FCBA93-ECE6-4DA2-A7EE-2B371154D4CA}.Debug|iPhone.Deploy.0 = Debug|Any CPU
		{18FCBA93-ECE6-4DA2-A7EE-2B371154D4CA}.Debug|iPhoneSimulator.ActiveCfg = Debug|Any CPU
		{18FCBA93-ECE6-4DA2-A7EE-2B371154D4CA}.Debug|iPhoneSimulator.Build.0 = Debug|Any CPU
		{18FCBA93-ECE6-4DA2-A7EE-2B371154D4CA}.Debug|iPhoneSimulator.Deploy.0 = Debug|Any CPU
		{18FCBA93-ECE6-4DA2-A7EE-2B371154D4CA}.Release|Any CPU.ActiveCfg = Release|Any CPU
		{18FCBA93-ECE6-4DA2-A7EE-2B371154D4CA}.Release|Any CPU.Build.0 = Release|Any CPU
		{18FCBA93-ECE6-4DA2-A7EE-2B371154D4CA}.Release|Any CPU.Deploy.0 = Release|Any CPU
		{18FCBA93-ECE6-4DA2-A7EE-2B371154D4CA}.Release|iPhone.ActiveCfg = Release|Any CPU
		{18FCBA93-ECE6-4DA2-A7EE-2B371154D4CA}.Release|iPhone.Build.0 = Release|Any CPU
		{18FCBA93-ECE6-4DA2-A7EE-2B371154D4CA}.Release|iPhone.Deploy.0 = Release|Any CPU
		{18FCBA93-ECE6-4DA2-A7EE-2B371154D4CA}.Release|iPhoneSimulator.ActiveCfg = Release|Any CPU
		{18FCBA93-ECE6-4DA2-A7EE-2B371154D4CA}.Release|iPhoneSimulator.Build.0 = Release|Any CPU
		{18FCBA93-ECE6-4DA2-A7EE-2B371154D4CA}.Release|iPhoneSimulator.Deploy.0 = Release|Any CPU
	EndGlobalSection
	GlobalSection(SolutionProperties) = preSolution
		HideSolutionNode = FALSE
	EndGlobalSection
	GlobalSection(ExtensibilityGlobals) = postSolution
		SolutionGuid = {6C7E383A-F97F-4F17-8980-5566A323B7BE}
	EndGlobalSection
EndGlobal
